Microsoft Visual Studio Solution File, Format Version 12.00
# Visual Studio 15
VisualStudioVersion = 15.0.27130.2027
MinimumVisualStudioVersion = 15.0.26124.0
Project("{9A19103F-16F7-4668-BE54-9A1E7A4F7556}") = "ThrowIf", "ThrowIf\ThrowIf.csproj", "{E1549C00-9239-4803-89AC-E4C3EB0D439B}"
EndProject
Project("{9A19103F-16F7-4668-BE54-9A1E7A4F7556}") = "ThrowIf.Tests", "ThrowIf.Tests\ThrowIf.Tests.csproj", "{BCE0D330-7014-446E-B165-FE6ACA79DEFD}"
EndProject
Global
	GlobalSection(SolutionConfigurationPlatforms) = preSolution
		Debug|Any CPU = Debug|Any CPU
		Debug|x64 = Debug|x64
		Debug|x86 = Debug|x86
		Release|Any CPU = Release|Any CPU
		Release|x64 = Release|x64
		Release|x86 = Release|x86
	EndGlobalSection
	GlobalSection(ProjectConfigurationPlatforms) = postSolution
		{E1549C00-9239-4803-89AC-E4C3EB0D439B}.Debug|Any CPU.ActiveCfg = Debug|Any CPU
		{E1549C00-9239-4803-89AC-E4C3EB0D439B}.Debug|Any CPU.Build.0 = Debug|Any CPU
		{E1549C00-9239-4803-89AC-E4C3EB0D439B}.Debug|x64.ActiveCfg = Debug|Any CPU
		{E1549C00-9239-4803-89AC-E4C3EB0D439B}.Debug|x64.Build.0 = Debug|Any CPU
		{E1549C00-9239-4803-89AC-E4C3EB0D439B}.Debug|x86.ActiveCfg = Debug|Any CPU
		{E1549C00-9239-4803-89AC-E4C3EB0D439B}.Debug|x86.Build.0 = Debug|Any CPU
		{E1549C00-9239-4803-89AC-E4C3EB0D439B}.Release|Any CPU.ActiveCfg = Release|Any CPU
		{E1549C00-9239-4803-89AC-E4C3EB0D439B}.Release|Any CPU.Build.0 = Release|Any CPU
		{E1549C00-9239-4803-89AC-E4C3EB0D439B}.Release|x64.ActiveCfg = Release|Any CPU
		{E1549C00-9239-4803-89AC-E4C3EB0D439B}.Release|x64.Build.0 = Release|Any CPU
		{E1549C00-9239-4803-89AC-E4C3EB0D439B}.Release|x86.ActiveCfg = Release|Any CPU
		{E1549C00-9239-4803-89AC-E4C3EB0D439B}.Release|x86.Build.0 = Release|Any CPU
		{BCE0D330-7014-446E-B165-FE6ACA79DEFD}.Debug|Any CPU.ActiveCfg = Debug|Any CPU
		{BCE0D330-7014-446E-B165-FE6ACA79DEFD}.Debug|Any CPU.Build.0 = Debug|Any CPU
		{BCE0D330-7014-446E-B165-FE6ACA79DEFD}.Debug|x64.ActiveCfg = Debug|Any CPU
		{BCE0D330-7014-446E-B165-FE6ACA79DEFD}.Debug|x64.Build.0 = Debug|Any CPU
		{BCE0D330-7014-446E-B165-FE6ACA79DEFD}.Debug|x86.ActiveCfg = Debug|Any CPU
		{BCE0D330-7014-446E-B165-FE6ACA79DEFD}.Debug|x86.Build.0 = Debug|Any CPU
		{BCE0D330-7014-446E-B165-FE6ACA79DEFD}.Release|Any CPU.ActiveCfg = Release|Any CPU
		{BCE0D330-7014-446E-B165-FE6ACA79DEFD}.Release|Any CPU.Build.0 = Release|Any CPU
		{BCE0D330-7014-446E-B165-FE6ACA79DEFD}.Release|x64.ActiveCfg = Release|Any CPU
		{BCE0D330-7014-446E-B165-FE6ACA79DEFD}.Release|x64.Build.0 = Release|Any CPU
		{BCE0D330-7014-446E-B165-FE6ACA79DEFD}.Release|x86.ActiveCfg = Release|Any CPU
		{BCE0D330-7014-446E-B165-FE6ACA79DEFD}.Release|x86.Build.0 = Release|Any CPU
	EndGlobalSection
	GlobalSection(SolutionProperties) = preSolution
		HideSolutionNode = FALSE
	EndGlobalSection
	GlobalSection(ExtensibilityGlobals) = postSolution
		SolutionGuid = {C6ECDFF0-B095-4F84-A1B4-D7485C43DE53}
	EndGlobalSection
EndGlobal
